// !$*UTF8*$!
{
	archiveVersion = 1;
	classes = {
	};
	objectVersion = 52;
	objects = {

/* Begin PBXBuildFile section */
		A16DE5AA246F2C3F00E346DB /* GradeListItem.swift in Sources */ = {isa = PBXBuildFile; fileRef = A16DE5A9246F2C3F00E346DB /* GradeListItem.swift */; };
		A171CFB424613FD7000BE676 /* AddGradeViewModel.swift in Sources */ = {isa = PBXBuildFile; fileRef = A171CFB324613FD7000BE676 /* AddGradeViewModel.swift */; };
		A1B88DE9246C84DF0058667C /* GradeAverageView.swift in Sources */ = {isa = PBXBuildFile; fileRef = A1B88DE8246C84DF0058667C /* GradeAverageView.swift */; };
		A1C12ABA246DD8A5001777A0 /* TrackableScrollView.swift in Sources */ = {isa = PBXBuildFile; fileRef = A1C12AB9246DD8A5001777A0 /* TrackableScrollView.swift */; };
		A1C5B17B2471634400C00F27 /* Introspect in Frameworks */ = {isa = PBXBuildFile; productRef = A1C5B17A2471634400C00F27 /* Introspect */; };
		A1C5B17D2471B19100C00F27 /* EditGradeModal.swift in Sources */ = {isa = PBXBuildFile; fileRef = A1C5B17C2471B19100C00F27 /* EditGradeModal.swift */; };
		A1C7653224602BCB00715898 /* AddGradeView.swift in Sources */ = {isa = PBXBuildFile; fileRef = A1C7653124602BCB00715898 /* AddGradeView.swift */; };
		A1D8F056245DC58C0046F1DB /* AppDelegate.swift in Sources */ = {isa = PBXBuildFile; fileRef = A1D8F055245DC58C0046F1DB /* AppDelegate.swift */; };
		A1D8F058245DC58C0046F1DB /* SceneDelegate.swift in Sources */ = {isa = PBXBuildFile; fileRef = A1D8F057245DC58C0046F1DB /* SceneDelegate.swift */; };
		A1D8F05B245DC58C0046F1DB /* Karaktero.xcdatamodeld in Sources */ = {isa = PBXBuildFile; fileRef = A1D8F059245DC58C0046F1DB /* Karaktero.xcdatamodeld */; };
		A1D8F05D245DC58C0046F1DB /* WelcomeView.swift in Sources */ = {isa = PBXBuildFile; fileRef = A1D8F05C245DC58C0046F1DB /* WelcomeView.swift */; };
		A1D8F05F245DC58F0046F1DB /* Assets.xcassets in Resources */ = {isa = PBXBuildFile; fileRef = A1D8F05E245DC58F0046F1DB /* Assets.xcassets */; };
		A1D8F062245DC58F0046F1DB /* Preview Assets.xcassets in Resources */ = {isa = PBXBuildFile; fileRef = A1D8F061245DC58F0046F1DB /* Preview Assets.xcassets */; };
		A1D8F065245DC58F0046F1DB /* LaunchScreen.storyboard in Resources */ = {isa = PBXBuildFile; fileRef = A1D8F063245DC58F0046F1DB /* LaunchScreen.storyboard */; };
		A1D8F070245DC58F0046F1DB /* KarakteroTests.swift in Sources */ = {isa = PBXBuildFile; fileRef = A1D8F06F245DC58F0046F1DB /* KarakteroTests.swift */; };
		A1D8F07B245DC58F0046F1DB /* KarakteroUITests.swift in Sources */ = {isa = PBXBuildFile; fileRef = A1D8F07A245DC58F0046F1DB /* KarakteroUITests.swift */; };
		A1D8F08B245DC5C60046F1DB /* Localizable.strings in Resources */ = {isa = PBXBuildFile; fileRef = A1D8F089245DC5C60046F1DB /* Localizable.strings */; };
		A1D8F093245DC6890046F1DB /* GradeListView.swift in Sources */ = {isa = PBXBuildFile; fileRef = A1D8F092245DC6890046F1DB /* GradeListView.swift */; };
		A1D8F096245DC6C50046F1DB /* ViewModel.swift in Sources */ = {isa = PBXBuildFile; fileRef = A1D8F095245DC6C50046F1DB /* ViewModel.swift */; };
		A1D8F098245DC7110046F1DB /* GradeListViewModel.swift in Sources */ = {isa = PBXBuildFile; fileRef = A1D8F097245DC7110046F1DB /* GradeListViewModel.swift */; };
		A1D8F09B245DC7AD0046F1DB /* CoreDataManager.swift in Sources */ = {isa = PBXBuildFile; fileRef = A1D8F09A245DC7AD0046F1DB /* CoreDataManager.swift */; };
		A1FA2CD9246EA61F0000090E /* ScrollOffsetPreferenceKey.swift in Sources */ = {isa = PBXBuildFile; fileRef = A1FA2CD8246EA61F0000090E /* ScrollOffsetPreferenceKey.swift */; };
/* End PBXBuildFile section */

/* Begin PBXContainerItemProxy section */
		A1D8F06C245DC58F0046F1DB /* PBXContainerItemProxy */ = {
			isa = PBXContainerItemProxy;
			containerPortal = A1D8F04A245DC58C0046F1DB /* Project object */;
			proxyType = 1;
			remoteGlobalIDString = A1D8F051245DC58C0046F1DB;
			remoteInfo = Karaktero;
		};
		A1D8F077245DC58F0046F1DB /* PBXContainerItemProxy */ = {
			isa = PBXContainerItemProxy;
			containerPortal = A1D8F04A245DC58C0046F1DB /* Project object */;
			proxyType = 1;
			remoteGlobalIDString = A1D8F051245DC58C0046F1DB;
			remoteInfo = Karaktero;
		};
/* End PBXContainerItemProxy section */

/* Begin PBXFileReference section */
		A16DE5A9246F2C3F00E346DB /* GradeListItem.swift */ = {isa = PBXFileReference; lastKnownFileType = sourcecode.swift; path = GradeListItem.swift; sourceTree = "<group>"; };
		A171CFB324613FD7000BE676 /* AddGradeViewModel.swift */ = {isa = PBXFileReference; lastKnownFileType = sourcecode.swift; path = AddGradeViewModel.swift; sourceTree = "<group>"; };
		A1B88DE8246C84DF0058667C /* GradeAverageView.swift */ = {isa = PBXFileReference; lastKnownFileType = sourcecode.swift; path = GradeAverageView.swift; sourceTree = "<group>"; };
		A1C12AB9246DD8A5001777A0 /* TrackableScrollView.swift */ = {isa = PBXFileReference; lastKnownFileType = sourcecode.swift; path = TrackableScrollView.swift; sourceTree = "<group>"; };
		A1C5B17C2471B19100C00F27 /* EditGradeModal.swift */ = {isa = PBXFileReference; lastKnownFileType = sourcecode.swift; path = EditGradeModal.swift; sourceTree = "<group>"; };
		A1C7653124602BCB00715898 /* AddGradeView.swift */ = {isa = PBXFileReference; lastKnownFileType = sourcecode.swift; path = AddGradeView.swift; sourceTree = "<group>"; };
		A1D8F052245DC58C0046F1DB /* Karaktero.app */ = {isa = PBXFileReference; explicitFileType = wrapper.application; includeInIndex = 0; path = Karaktero.app; sourceTree = BUILT_PRODUCTS_DIR; };
		A1D8F055245DC58C0046F1DB /* AppDelegate.swift */ = {isa = PBXFileReference; lastKnownFileType = sourcecode.swift; path = AppDelegate.swift; sourceTree = "<group>"; };
		A1D8F057245DC58C0046F1DB /* SceneDelegate.swift */ = {isa = PBXFileReference; lastKnownFileType = sourcecode.swift; path = SceneDelegate.swift; sourceTree = "<group>"; };
		A1D8F05A245DC58C0046F1DB /* Karaktero.xcdatamodel */ = {isa = PBXFileReference; lastKnownFileType = wrapper.xcdatamodel; path = Karaktero.xcdatamodel; sourceTree = "<group>"; };
		A1D8F05C245DC58C0046F1DB /* WelcomeView.swift */ = {isa = PBXFileReference; lastKnownFileType = sourcecode.swift; path = WelcomeView.swift; sourceTree = "<group>"; };
		A1D8F05E245DC58F0046F1DB /* Assets.xcassets */ = {isa = PBXFileReference; lastKnownFileType = folder.assetcatalog; path = Assets.xcassets; sourceTree = "<group>"; };
		A1D8F061245DC58F0046F1DB /* Preview Assets.xcassets */ = {isa = PBXFileReference; lastKnownFileType = folder.assetcatalog; path = "Preview Assets.xcassets"; sourceTree = "<group>"; };
		A1D8F064245DC58F0046F1DB /* Base */ = {isa = PBXFileReference; lastKnownFileType = file.storyboard; name = Base; path = Base.lproj/LaunchScreen.storyboard; sourceTree = "<group>"; };
		A1D8F066245DC58F0046F1DB /* Info.plist */ = {isa = PBXFileReference; lastKnownFileType = text.plist.xml; path = Info.plist; sourceTree = "<group>"; };
		A1D8F06B245DC58F0046F1DB /* KarakteroTests.xctest */ = {isa = PBXFileReference; explicitFileType = wrapper.cfbundle; includeInIndex = 0; path = KarakteroTests.xctest; sourceTree = BUILT_PRODUCTS_DIR; };
		A1D8F06F245DC58F0046F1DB /* KarakteroTests.swift */ = {isa = PBXFileReference; lastKnownFileType = sourcecode.swift; path = KarakteroTests.swift; sourceTree = "<group>"; };
		A1D8F071245DC58F0046F1DB /* Info.plist */ = {isa = PBXFileReference; lastKnownFileType = text.plist.xml; path = Info.plist; sourceTree = "<group>"; };
		A1D8F076245DC58F0046F1DB /* KarakteroUITests.xctest */ = {isa = PBXFileReference; explicitFileType = wrapper.cfbundle; includeInIndex = 0; path = KarakteroUITests.xctest; sourceTree = BUILT_PRODUCTS_DIR; };
		A1D8F07A245DC58F0046F1DB /* KarakteroUITests.swift */ = {isa = PBXFileReference; lastKnownFileType = sourcecode.swift; path = KarakteroUITests.swift; sourceTree = "<group>"; };
		A1D8F07C245DC58F0046F1DB /* Info.plist */ = {isa = PBXFileReference; lastKnownFileType = text.plist.xml; path = Info.plist; sourceTree = "<group>"; };
		A1D8F088245DC5B60046F1DB /* da */ = {isa = PBXFileReference; lastKnownFileType = text.plist.strings; name = da; path = da.lproj/LaunchScreen.strings; sourceTree = "<group>"; };
		A1D8F08A245DC5C60046F1DB /* Base */ = {isa = PBXFileReference; lastKnownFileType = text.plist.strings; name = Base; path = Base.lproj/Localizable.strings; sourceTree = "<group>"; };
		A1D8F08C245DC5D70046F1DB /* da */ = {isa = PBXFileReference; lastKnownFileType = text.plist.strings; name = da; path = da.lproj/Localizable.strings; sourceTree = "<group>"; };
		A1D8F092245DC6890046F1DB /* GradeListView.swift */ = {isa = PBXFileReference; lastKnownFileType = sourcecode.swift; path = GradeListView.swift; sourceTree = "<group>"; };
		A1D8F095245DC6C50046F1DB /* ViewModel.swift */ = {isa = PBXFileReference; lastKnownFileType = sourcecode.swift; path = ViewModel.swift; sourceTree = "<group>"; };
		A1D8F097245DC7110046F1DB /* GradeListViewModel.swift */ = {isa = PBXFileReference; lastKnownFileType = sourcecode.swift; path = GradeListViewModel.swift; sourceTree = "<group>"; };
		A1D8F09A245DC7AD0046F1DB /* CoreDataManager.swift */ = {isa = PBXFileReference; lastKnownFileType = sourcecode.swift; path = CoreDataManager.swift; sourceTree = "<group>"; };
		A1FA2CD8246EA61F0000090E /* ScrollOffsetPreferenceKey.swift */ = {isa = PBXFileReference; lastKnownFileType = sourcecode.swift; path = ScrollOffsetPreferenceKey.swift; sourceTree = "<group>"; };
/* End PBXFileReference section */

/* Begin PBXFrameworksBuildPhase section */
		A1D8F04F245DC58C0046F1DB /* Frameworks */ = {
			isa = PBXFrameworksBuildPhase;
			buildActionMask = 2147483647;
			files = (
				A1C5B17B2471634400C00F27 /* Introspect in Frameworks */,
			);
			runOnlyForDeploymentPostprocessing = 0;
		};
		A1D8F068245DC58F0046F1DB /* Frameworks */ = {
			isa = PBXFrameworksBuildPhase;
			buildActionMask = 2147483647;
			files = (
			);
			runOnlyForDeploymentPostprocessing = 0;
		};
		A1D8F073245DC58F0046F1DB /* Frameworks */ = {
			isa = PBXFrameworksBuildPhase;
			buildActionMask = 2147483647;
			files = (
			);
			runOnlyForDeploymentPostprocessing = 0;
		};
/* End PBXFrameworksBuildPhase section */

/* Begin PBXGroup section */
		A1D8F049245DC58C0046F1DB = {
			isa = PBXGroup;
			children = (
				A1D8F054245DC58C0046F1DB /* Karaktero */,
				A1D8F06E245DC58F0046F1DB /* KarakteroTests */,
				A1D8F079245DC58F0046F1DB /* KarakteroUITests */,
				A1D8F053245DC58C0046F1DB /* Products */,
			);
			sourceTree = "<group>";
		};
		A1D8F053245DC58C0046F1DB /* Products */ = {
			isa = PBXGroup;
			children = (
				A1D8F052245DC58C0046F1DB /* Karaktero.app */,
				A1D8F06B245DC58F0046F1DB /* KarakteroTests.xctest */,
				A1D8F076245DC58F0046F1DB /* KarakteroUITests.xctest */,
			);
			name = Products;
			sourceTree = "<group>";
		};
		A1D8F054245DC58C0046F1DB /* Karaktero */ = {
			isa = PBXGroup;
			children = (
				A1D8F099245DC7A40046F1DB /* Core Data */,
				A1D8F094245DC6BC0046F1DB /* MVVM */,
				A1D8F08F245DC61E0046F1DB /* ViewModels */,
				A1D8F08E245DC6180046F1DB /* Models */,
				A1D8F08D245DC6140046F1DB /* Views */,
				A1D8F055245DC58C0046F1DB /* AppDelegate.swift */,
				A1D8F057245DC58C0046F1DB /* SceneDelegate.swift */,
				A1D8F05C245DC58C0046F1DB /* WelcomeView.swift */,
				A1D8F05E245DC58F0046F1DB /* Assets.xcassets */,
				A1D8F063245DC58F0046F1DB /* LaunchScreen.storyboard */,
				A1D8F066245DC58F0046F1DB /* Info.plist */,
				A1D8F059245DC58C0046F1DB /* Karaktero.xcdatamodeld */,
				A1D8F060245DC58F0046F1DB /* Preview Content */,
				A1D8F089245DC5C60046F1DB /* Localizable.strings */,
			);
			path = Karaktero;
			sourceTree = "<group>";
		};
		A1D8F060245DC58F0046F1DB /* Preview Content */ = {
			isa = PBXGroup;
			children = (
				A1D8F061245DC58F0046F1DB /* Preview Assets.xcassets */,
			);
			path = "Preview Content";
			sourceTree = "<group>";
		};
		A1D8F06E245DC58F0046F1DB /* KarakteroTests */ = {
			isa = PBXGroup;
			children = (
				A1D8F06F245DC58F0046F1DB /* KarakteroTests.swift */,
				A1D8F071245DC58F0046F1DB /* Info.plist */,
			);
			path = KarakteroTests;
			sourceTree = "<group>";
		};
		A1D8F079245DC58F0046F1DB /* KarakteroUITests */ = {
			isa = PBXGroup;
			children = (
				A1D8F07A245DC58F0046F1DB /* KarakteroUITests.swift */,
				A1D8F07C245DC58F0046F1DB /* Info.plist */,
			);
			path = KarakteroUITests;
			sourceTree = "<group>";
		};
		A1D8F08D245DC6140046F1DB /* Views */ = {
			isa = PBXGroup;
			children = (
				A1D8F092245DC6890046F1DB /* GradeListView.swift */,
				A1C5B17C2471B19100C00F27 /* EditGradeModal.swift */,
				A16DE5A9246F2C3F00E346DB /* GradeListItem.swift */,
				A1C12AB9246DD8A5001777A0 /* TrackableScrollView.swift */,
				A1C7653124602BCB00715898 /* AddGradeView.swift */,
				A1B88DE8246C84DF0058667C /* GradeAverageView.swift */,
			);
			path = Views;
			sourceTree = "<group>";
		};
		A1D8F08E245DC6180046F1DB /* Models */ = {
			isa = PBXGroup;
			children = (
				A1FA2CD8246EA61F0000090E /* ScrollOffsetPreferenceKey.swift */,
			);
			path = Models;
			sourceTree = "<group>";
		};
		A1D8F08F245DC61E0046F1DB /* ViewModels */ = {
			isa = PBXGroup;
			children = (
				A1D8F097245DC7110046F1DB /* GradeListViewModel.swift */,
				A171CFB324613FD7000BE676 /* AddGradeViewModel.swift */,
			);
			path = ViewModels;
			sourceTree = "<group>";
		};
		A1D8F094245DC6BC0046F1DB /* MVVM */ = {
			isa = PBXGroup;
			children = (
				A1D8F095245DC6C50046F1DB /* ViewModel.swift */,
			);
			path = MVVM;
			sourceTree = "<group>";
		};
		A1D8F099245DC7A40046F1DB /* Core Data */ = {
			isa = PBXGroup;
			children = (
				A1D8F09A245DC7AD0046F1DB /* CoreDataManager.swift */,
			);
			path = "Core Data";
			sourceTree = "<group>";
		};
/* End PBXGroup section */

/* Begin PBXNativeTarget section */
		A1D8F051245DC58C0046F1DB /* Karaktero */ = {
			isa = PBXNativeTarget;
			buildConfigurationList = A1D8F07F245DC58F0046F1DB /* Build configuration list for PBXNativeTarget "Karaktero" */;
			buildPhases = (
				A1D8F04E245DC58C0046F1DB /* Sources */,
				A1D8F04F245DC58C0046F1DB /* Frameworks */,
				A1D8F050245DC58C0046F1DB /* Resources */,
			);
			buildRules = (
			);
			dependencies = (
			);
			name = Karaktero;
			packageProductDependencies = (
				A1C5B17A2471634400C00F27 /* Introspect */,
			);
			productName = Karaktero;
			productReference = A1D8F052245DC58C0046F1DB /* Karaktero.app */;
			productType = "com.apple.product-type.application";
		};
		A1D8F06A245DC58F0046F1DB /* KarakteroTests */ = {
			isa = PBXNativeTarget;
			buildConfigurationList = A1D8F082245DC58F0046F1DB /* Build configuration list for PBXNativeTarget "KarakteroTests" */;
			buildPhases = (
				A1D8F067245DC58F0046F1DB /* Sources */,
				A1D8F068245DC58F0046F1DB /* Frameworks */,
				A1D8F069245DC58F0046F1DB /* Resources */,
			);
			buildRules = (
			);
			dependencies = (
				A1D8F06D245DC58F0046F1DB /* PBXTargetDependency */,
			);
			name = KarakteroTests;
			productName = KarakteroTests;
			productReference = A1D8F06B245DC58F0046F1DB /* KarakteroTests.xctest */;
			productType = "com.apple.product-type.bundle.unit-test";
		};
		A1D8F075245DC58F0046F1DB /* KarakteroUITests */ = {
			isa = PBXNativeTarget;
			buildConfigurationList = A1D8F085245DC58F0046F1DB /* Build configuration list for PBXNativeTarget "KarakteroUITests" */;
			buildPhases = (
				A1D8F072245DC58F0046F1DB /* Sources */,
				A1D8F073245DC58F0046F1DB /* Frameworks */,
				A1D8F074245DC58F0046F1DB /* Resources */,
			);
			buildRules = (
			);
			dependencies = (
				A1D8F078245DC58F0046F1DB /* PBXTargetDependency */,
			);
			name = KarakteroUITests;
			productName = KarakteroUITests;
			productReference = A1D8F076245DC58F0046F1DB /* KarakteroUITests.xctest */;
			productType = "com.apple.product-type.bundle.ui-testing";
		};
/* End PBXNativeTarget section */

/* Begin PBXProject section */
		A1D8F04A245DC58C0046F1DB /* Project object */ = {
			isa = PBXProject;
			attributes = {
				LastSwiftUpdateCheck = 1140;
				LastUpgradeCheck = 1140;
				ORGANIZATIONNAME = Madsen;
				TargetAttributes = {
					A1D8F051245DC58C0046F1DB = {
						CreatedOnToolsVersion = 11.4;
					};
					A1D8F06A245DC58F0046F1DB = {
						CreatedOnToolsVersion = 11.4;
						TestTargetID = A1D8F051245DC58C0046F1DB;
					};
					A1D8F075245DC58F0046F1DB = {
						CreatedOnToolsVersion = 11.4;
						TestTargetID = A1D8F051245DC58C0046F1DB;
					};
				};
			};
			buildConfigurationList = A1D8F04D245DC58C0046F1DB /* Build configuration list for PBXProject "Karaktero" */;
			compatibilityVersion = "Xcode 9.3";
			developmentRegion = en;
			hasScannedForEncodings = 0;
			knownRegions = (
				en,
				Base,
				da,
			);
			mainGroup = A1D8F049245DC58C0046F1DB;
			packageReferences = (
				A1C5B1792471634400C00F27 /* XCRemoteSwiftPackageReference "SwiftUI-Introspect" */,
			);
			productRefGroup = A1D8F053245DC58C0046F1DB /* Products */;
			projectDirPath = "";
			projectRoot = "";
			targets = (
				A1D8F051245DC58C0046F1DB /* Karaktero */,
				A1D8F06A245DC58F0046F1DB /* KarakteroTests */,
				A1D8F075245DC58F0046F1DB /* KarakteroUITests */,
			);
		};
/* End PBXProject section */

/* Begin PBXResourcesBuildPhase section */
		A1D8F050245DC58C0046F1DB /* Resources */ = {
			isa = PBXResourcesBuildPhase;
			buildActionMask = 2147483647;
			files = (
				A1D8F065245DC58F0046F1DB /* LaunchScreen.storyboard in Resources */,
				A1D8F08B245DC5C60046F1DB /* Localizable.strings in Resources */,
				A1D8F062245DC58F0046F1DB /* Preview Assets.xcassets in Resources */,
				A1D8F05F245DC58F0046F1DB /* Assets.xcassets in Resources */,
			);
			runOnlyForDeploymentPostprocessing = 0;
		};
		A1D8F069245DC58F0046F1DB /* Resources */ = {
			isa = PBXResourcesBuildPhase;
			buildActionMask = 2147483647;
			files = (
			);
			runOnlyForDeploymentPostprocessing = 0;
		};
		A1D8F074245DC58F0046F1DB /* Resources */ = {
			isa = PBXResourcesBuildPhase;
			buildActionMask = 2147483647;
			files = (
			);
			runOnlyForDeploymentPostprocessing = 0;
		};
/* End PBXResourcesBuildPhase section */

/* Begin PBXSourcesBuildPhase section */
		A1D8F04E245DC58C0046F1DB /* Sources */ = {
			isa = PBXSourcesBuildPhase;
			buildActionMask = 2147483647;
			files = (
				A1C7653224602BCB00715898 /* AddGradeView.swift in Sources */,
				A1D8F05B245DC58C0046F1DB /* Karaktero.xcdatamodeld in Sources */,
				A1D8F056245DC58C0046F1DB /* AppDelegate.swift in Sources */,
				A1D8F093245DC6890046F1DB /* GradeListView.swift in Sources */,
				A1D8F05D245DC58C0046F1DB /* WelcomeView.swift in Sources */,
				A1B88DE9246C84DF0058667C /* GradeAverageView.swift in Sources */,
				A1D8F058245DC58C0046F1DB /* SceneDelegate.swift in Sources */,
				A1D8F09B245DC7AD0046F1DB /* CoreDataManager.swift in Sources */,
				A1C12ABA246DD8A5001777A0 /* TrackableScrollView.swift in Sources */,
				A1FA2CD9246EA61F0000090E /* ScrollOffsetPreferenceKey.swift in Sources */,
				A1C5B17D2471B19100C00F27 /* EditGradeModal.swift in Sources */,
				A1D8F098245DC7110046F1DB /* GradeListViewModel.swift in Sources */,
				A1D8F096245DC6C50046F1DB /* ViewModel.swift in Sources */,
				A16DE5AA246F2C3F00E346DB /* GradeListItem.swift in Sources */,
				A171CFB424613FD7000BE676 /* AddGradeViewModel.swift in Sources */,
			);
			runOnlyForDeploymentPostprocessing = 0;
		};
		A1D8F067245DC58F0046F1DB /* Sources */ = {
			isa = PBXSourcesBuildPhase;
			buildActionMask = 2147483647;
			files = (
				A1D8F070245DC58F0046F1DB /* KarakteroTests.swift in Sources */,
			);
			runOnlyForDeploymentPostprocessing = 0;
		};
		A1D8F072245DC58F0046F1DB /* Sources */ = {
			isa = PBXSourcesBuildPhase;
			buildActionMask = 2147483647;
			files = (
				A1D8F07B245DC58F0046F1DB /* KarakteroUITests.swift in Sources */,
			);
			runOnlyForDeploymentPostprocessing = 0;
		};
/* End PBXSourcesBuildPhase section */

/* Begin PBXTargetDependency section */
		A1D8F06D245DC58F0046F1DB /* PBXTargetDependency */ = {
			isa = PBXTargetDependency;
			target = A1D8F051245DC58C0046F1DB /* Karaktero */;
			targetProxy = A1D8F06C245DC58F0046F1DB /* PBXContainerItemProxy */;
		};
		A1D8F078245DC58F0046F1DB /* PBXTargetDependency */ = {
			isa = PBXTargetDependency;
			target = A1D8F051245DC58C0046F1DB /* Karaktero */;
			targetProxy = A1D8F077245DC58F0046F1DB /* PBXContainerItemProxy */;
		};
/* End PBXTargetDependency section */

/* Begin PBXVariantGroup section */
		A1D8F063245DC58F0046F1DB /* LaunchScreen.storyboard */ = {
			isa = PBXVariantGroup;
			children = (
				A1D8F064245DC58F0046F1DB /* Base */,
				A1D8F088245DC5B60046F1DB /* da */,
			);
			name = LaunchScreen.storyboard;
			sourceTree = "<group>";
		};
		A1D8F089245DC5C60046F1DB /* Localizable.strings */ = {
			isa = PBXVariantGroup;
			children = (
				A1D8F08A245DC5C60046F1DB /* Base */,
				A1D8F08C245DC5D70046F1DB /* da */,
			);
			name = Localizable.strings;
			sourceTree = "<group>";
		};
/* End PBXVariantGroup section */

/* Begin XCBuildConfiguration section */
		A1D8F07D245DC58F0046F1DB /* Debug */ = {
			isa = XCBuildConfiguration;
			buildSettings = {
				ALWAYS_SEARCH_USER_PATHS = NO;
				CLANG_ANALYZER_LOCALIZABILITY_NONLOCALIZED = YES;
				CLANG_ANALYZER_NONNULL = YES;
				CLANG_ANALYZER_NUMBER_OBJECT_CONVERSION = YES_AGGRESSIVE;
				CLANG_CXX_LANGUAGE_STANDARD = "gnu++14";
				CLANG_CXX_LIBRARY = "libc++";
				CLANG_ENABLE_MODULES = YES;
				CLANG_ENABLE_OBJC_ARC = YES;
				CLANG_ENABLE_OBJC_WEAK = YES;
				CLANG_WARN_BLOCK_CAPTURE_AUTORELEASING = YES;
				CLANG_WARN_BOOL_CONVERSION = YES;
				CLANG_WARN_COMMA = YES;
				CLANG_WARN_CONSTANT_CONVERSION = YES;
				CLANG_WARN_DEPRECATED_OBJC_IMPLEMENTATIONS = YES;
				CLANG_WARN_DIRECT_OBJC_ISA_USAGE = YES_ERROR;
				CLANG_WARN_DOCUMENTATION_COMMENTS = YES;
				CLANG_WARN_EMPTY_BODY = YES;
				CLANG_WARN_ENUM_CONVERSION = YES;
				CLANG_WARN_INFINITE_RECURSION = YES;
				CLANG_WARN_INT_CONVERSION = YES;
				CLANG_WARN_NON_LITERAL_NULL_CONVERSION = YES;
				CLANG_WARN_OBJC_IMPLICIT_RETAIN_SELF = YES;
				CLANG_WARN_OBJC_LITERAL_CONVERSION = YES;
				CLANG_WARN_OBJC_ROOT_CLASS = YES_ERROR;
				CLANG_WARN_RANGE_LOOP_ANALYSIS = YES;
				CLANG_WARN_STRICT_PROTOTYPES = YES;
				CLANG_WARN_SUSPICIOUS_MOVE = YES;
				CLANG_WARN_UNGUARDED_AVAILABILITY = YES_AGGRESSIVE;
				CLANG_WARN_UNREACHABLE_CODE = YES;
				CLANG_WARN__DUPLICATE_METHOD_MATCH = YES;
				COPY_PHASE_STRIP = NO;
				DEBUG_INFORMATION_FORMAT = dwarf;
				ENABLE_STRICT_OBJC_MSGSEND = YES;
				ENABLE_TESTABILITY = YES;
				GCC_C_LANGUAGE_STANDARD = gnu11;
				GCC_DYNAMIC_NO_PIC = NO;
				GCC_NO_COMMON_BLOCKS = YES;
				GCC_OPTIMIZATION_LEVEL = 0;
				GCC_PREPROCESSOR_DEFINITIONS = (
					"DEBUG=1",
					"$(inherited)",
				);
				GCC_WARN_64_TO_32_BIT_CONVERSION = YES;
				GCC_WARN_ABOUT_RETURN_TYPE = YES_ERROR;
				GCC_WARN_UNDECLARED_SELECTOR = YES;
				GCC_WARN_UNINITIALIZED_AUTOS = YES_AGGRESSIVE;
				GCC_WARN_UNUSED_FUNCTION = YES;
				GCC_WARN_UNUSED_VARIABLE = YES;
				IPHONEOS_DEPLOYMENT_TARGET = 13.4;
				MTL_ENABLE_DEBUG_INFO = INCLUDE_SOURCE;
				MTL_FAST_MATH = YES;
				ONLY_ACTIVE_ARCH = YES;
				SDKROOT = iphoneos;
				SWIFT_ACTIVE_COMPILATION_CONDITIONS = DEBUG;
				SWIFT_OPTIMIZATION_LEVEL = "-Onone";
			};
			name = Debug;
		};
		A1D8F07E245DC58F0046F1DB /* Release */ = {
			isa = XCBuildConfiguration;
			buildSettings = {
				ALWAYS_SEARCH_USER_PATHS = NO;
				CLANG_ANALYZER_LOCALIZABILITY_NONLOCALIZED = YES;
				CLANG_ANALYZER_NONNULL = YES;
				CLANG_ANALYZER_NUMBER_OBJECT_CONVERSION = YES_AGGRESSIVE;
				CLANG_CXX_LANGUAGE_STANDARD = "gnu++14";
				CLANG_CXX_LIBRARY = "libc++";
				CLANG_ENABLE_MODULES = YES;
				CLANG_ENABLE_OBJC_ARC = YES;
				CLANG_ENABLE_OBJC_WEAK = YES;
				CLANG_WARN_BLOCK_CAPTURE_AUTORELEASING = YES;
				CLANG_WARN_BOOL_CONVERSION = YES;
				CLANG_WARN_COMMA = YES;
				CLANG_WARN_CONSTANT_CONVERSION = YES;
				CLANG_WARN_DEPRECATED_OBJC_IMPLEMENTATIONS = YES;
				CLANG_WARN_DIRECT_OBJC_ISA_USAGE = YES_ERROR;
				CLANG_WARN_DOCUMENTATION_COMMENTS = YES;
				CLANG_WARN_EMPTY_BODY = YES;
				CLANG_WARN_ENUM_CONVERSION = YES;
				CLANG_WARN_INFINITE_RECURSION = YES;
				CLANG_WARN_INT_CONVERSION = YES;
				CLANG_WARN_NON_LITERAL_NULL_CONVERSION = YES;
				CLANG_WARN_OBJC_IMPLICIT_RETAIN_SELF = YES;
				CLANG_WARN_OBJC_LITERAL_CONVERSION = YES;
				CLANG_WARN_OBJC_ROOT_CLASS = YES_ERROR;
				CLANG_WARN_RANGE_LOOP_ANALYSIS = YES;
				CLANG_WARN_STRICT_PROTOTYPES = YES;
				CLANG_WARN_SUSPICIOUS_MOVE = YES;
				CLANG_WARN_UNGUARDED_AVAILABILITY = YES_AGGRESSIVE;
				CLANG_WARN_UNREACHABLE_CODE = YES;
				CLANG_WARN__DUPLICATE_METHOD_MATCH = YES;
				COPY_PHASE_STRIP = NO;
				DEBUG_INFORMATION_FORMAT = "dwarf-with-dsym";
				ENABLE_NS_ASSERTIONS = NO;
				ENABLE_STRICT_OBJC_MSGSEND = YES;
				GCC_C_LANGUAGE_STANDARD = gnu11;
				GCC_NO_COMMON_BLOCKS = YES;
				GCC_WARN_64_TO_32_BIT_CONVERSION = YES;
				GCC_WARN_ABOUT_RETURN_TYPE = YES_ERROR;
				GCC_WARN_UNDECLARED_SELECTOR = YES;
				GCC_WARN_UNINITIALIZED_AUTOS = YES_AGGRESSIVE;
				GCC_WARN_UNUSED_FUNCTION = YES;
				GCC_WARN_UNUSED_VARIABLE = YES;
				IPHONEOS_DEPLOYMENT_TARGET = 13.4;
				MTL_ENABLE_DEBUG_INFO = NO;
				MTL_FAST_MATH = YES;
				SDKROOT = iphoneos;
				SWIFT_COMPILATION_MODE = wholemodule;
				SWIFT_OPTIMIZATION_LEVEL = "-O";
				VALIDATE_PRODUCT = YES;
			};
			name = Release;
		};
		A1D8F080245DC58F0046F1DB /* Debug */ = {
			isa = XCBuildConfiguration;
			buildSettings = {
				ASSETCATALOG_COMPILER_APPICON_NAME = "AppIcon-1";
				CODE_SIGN_STYLE = Automatic;
				DEVELOPMENT_ASSET_PATHS = "\"Karaktero/Preview Content\"";
				DEVELOPMENT_TEAM = 656T6LJBRQ;
				ENABLE_PREVIEWS = YES;
				INFOPLIST_FILE = Karaktero/Info.plist;
				LD_RUNPATH_SEARCH_PATHS = (
					"$(inherited)",
					"@executable_path/Frameworks",
				);
				PRODUCT_BUNDLE_IDENTIFIER = madsen.Karaktero;
				PRODUCT_NAME = "$(TARGET_NAME)";
				SWIFT_VERSION = 5.0;
				TARGETED_DEVICE_FAMILY = 1;
			};
			name = Debug;
		};
		A1D8F081245DC58F0046F1DB /* Release */ = {
			isa = XCBuildConfiguration;
			buildSettings = {
				ASSETCATALOG_COMPILER_APPICON_NAME = "AppIcon-1";
				CODE_SIGN_STYLE = Automatic;
				DEVELOPMENT_ASSET_PATHS = "\"Karaktero/Preview Content\"";
				DEVELOPMENT_TEAM = 656T6LJBRQ;
				ENABLE_PREVIEWS = YES;
				INFOPLIST_FILE = Karaktero/Info.plist;
				LD_RUNPATH_SEARCH_PATHS = (
					"$(inherited)",
					"@executable_path/Frameworks",
				);
				PRODUCT_BUNDLE_IDENTIFIER = madsen.Karaktero;
				PRODUCT_NAME = "$(TARGET_NAME)";
				SWIFT_VERSION = 5.0;
				TARGETED_DEVICE_FAMILY = 1;
			};
			name = Release;
		};
		A1D8F083245DC58F0046F1DB /* Debug */ = {
			isa = XCBuildConfiguration;
			buildSettings = {
				ALWAYS_EMBED_SWIFT_STANDARD_LIBRARIES = YES;
				BUNDLE_LOADER = "$(TEST_HOST)";
				CODE_SIGN_STYLE = Automatic;
				DEVELOPMENT_TEAM = 656T6LJBRQ;
				INFOPLIST_FILE = KarakteroTests/Info.plist;
				IPHONEOS_DEPLOYMENT_TARGET = 13.4;
				LD_RUNPATH_SEARCH_PATHS = (
					"$(inherited)",
					"@executable_path/Frameworks",
					"@loader_path/Frameworks",
				);
				PRODUCT_BUNDLE_IDENTIFIER = madsen.KarakteroTests;
				PRODUCT_NAME = "$(TARGET_NAME)";
				SWIFT_VERSION = 5.0;
				TARGETED_DEVICE_FAMILY = "1,2";
				TEST_HOST = "$(BUILT_PRODUCTS_DIR)/Karaktero.app/Karaktero";
			};
			name = Debug;
		};
		A1D8F084245DC58F0046F1DB /* Release */ = {
			isa = XCBuildConfiguration;
			buildSettings = {
				ALWAYS_EMBED_SWIFT_STANDARD_LIBRARIES = YES;
				BUNDLE_LOADER = "$(TEST_HOST)";
				CODE_SIGN_STYLE = Automatic;
				DEVELOPMENT_TEAM = 656T6LJBRQ;
				INFOPLIST_FILE = KarakteroTests/Info.plist;
				IPHONEOS_DEPLOYMENT_TARGET = 13.4;
				LD_RUNPATH_SEARCH_PATHS = (
					"$(inherited)",
					"@executable_path/Frameworks",
					"@loader_path/Frameworks",
				);
				PRODUCT_BUNDLE_IDENTIFIER = madsen.KarakteroTests;
				PRODUCT_NAME = "$(TARGET_NAME)";
				SWIFT_VERSION = 5.0;
				TARGETED_DEVICE_FAMILY = "1,2";
				TEST_HOST = "$(BUILT_PRODUCTS_DIR)/Karaktero.app/Karaktero";
			};
			name = Release;
		};
		A1D8F086245DC58F0046F1DB /* Debug */ = {
			isa = XCBuildConfiguration;
			buildSettings = {
				ALWAYS_EMBED_SWIFT_STANDARD_LIBRARIES = YES;
				CODE_SIGN_STYLE = Automatic;
				DEVELOPMENT_TEAM = 656T6LJBRQ;
				INFOPLIST_FILE = KarakteroUITests/Info.plist;
				LD_RUNPATH_SEARCH_PATHS = (
					"$(inherited)",
					"@executable_path/Frameworks",
					"@loader_path/Frameworks",
				);
				PRODUCT_BUNDLE_IDENTIFIER = madsen.KarakteroUITests;
				PRODUCT_NAME = "$(TARGET_NAME)";
				SWIFT_VERSION = 5.0;
				TARGETED_DEVICE_FAMILY = "1,2";
				TEST_TARGET_NAME = Karaktero;
			};
			name = Debug;
		};
		A1D8F087245DC58F0046F1DB /* Release */ = {
			isa = XCBuildConfiguration;
			buildSettings = {
				ALWAYS_EMBED_SWIFT_STANDARD_LIBRARIES = YES;
				CODE_SIGN_STYLE = Automatic;
				DEVELOPMENT_TEAM = 656T6LJBRQ;
				INFOPLIST_FILE = KarakteroUITests/Info.plist;
				LD_RUNPATH_SEARCH_PATHS = (
					"$(inherited)",
					"@executable_path/Frameworks",
					"@loader_path/Frameworks",
				);
				PRODUCT_BUNDLE_IDENTIFIER = madsen.KarakteroUITests;
				PRODUCT_NAME = "$(TARGET_NAME)";
				SWIFT_VERSION = 5.0;
				TARGETED_DEVICE_FAMILY = "1,2";
				TEST_TARGET_NAME = Karaktero;
			};
			name = Release;
		};
/* End XCBuildConfiguration section */

/* Begin XCConfigurationList section */
		A1D8F04D245DC58C0046F1DB /* Build configuration list for PBXProject "Karaktero" */ = {
			isa = XCConfigurationList;
			buildConfigurations = (
				A1D8F07D245DC58F0046F1DB /* Debug */,
				A1D8F07E245DC58F0046F1DB /* Release */,
			);
			defaultConfigurationIsVisible = 0;
			defaultConfigurationName = Release;
		};
		A1D8F07F245DC58F0046F1DB /* Build configuration list for PBXNativeTarget "Karaktero" */ = {
			isa = XCConfigurationList;
			buildConfigurations = (
				A1D8F080245DC58F0046F1DB /* Debug */,
				A1D8F081245DC58F0046F1DB /* Release */,
			);
			defaultConfigurationIsVisible = 0;
			defaultConfigurationName = Release;
		};
		A1D8F082245DC58F0046F1DB /* Build configuration list for PBXNativeTarget "KarakteroTests" */ = {
			isa = XCConfigurationList;
			buildConfigurations = (
				A1D8F083245DC58F0046F1DB /* Debug */,
				A1D8F084245DC58F0046F1DB /* Release */,
			);
			defaultConfigurationIsVisible = 0;
			defaultConfigurationName = Release;
		};
		A1D8F085245DC58F0046F1DB /* Build configuration list for PBXNativeTarget "KarakteroUITests" */ = {
			isa = XCConfigurationList;
			buildConfigurations = (
				A1D8F086245DC58F0046F1DB /* Debug */,
				A1D8F087245DC58F0046F1DB /* Release */,
			);
			defaultConfigurationIsVisible = 0;
			defaultConfigurationName = Release;
		};
/* End XCConfigurationList section */

/* Begin XCRemoteSwiftPackageReference section */
		A1C5B1792471634400C00F27 /* XCRemoteSwiftPackageReference "SwiftUI-Introspect" */ = {
			isa = XCRemoteSwiftPackageReference;
			repositoryURL = "https://github.com/timbersoftware/SwiftUI-Introspect.git";
			requirement = {
				kind = exactVersion;
				version = 0.0.6;
			};
		};
/* End XCRemoteSwiftPackageReference section */

/* Begin XCSwiftPackageProductDependency section */
		A1C5B17A2471634400C00F27 /* Introspect */ = {
			isa = XCSwiftPackageProductDependency;
			package = A1C5B1792471634400C00F27 /* XCRemoteSwiftPackageReference "SwiftUI-Introspect" */;
			productName = Introspect;
		};
/* End XCSwiftPackageProductDependency section */

/* Begin XCVersionGroup section */
		A1D8F059245DC58C0046F1DB /* Karaktero.xcdatamodeld */ = {
			isa = XCVersionGroup;
			children = (
				A1D8F05A245DC58C0046F1DB /* Karaktero.xcdatamodel */,
			);
			currentVersion = A1D8F05A245DC58C0046F1DB /* Karaktero.xcdatamodel */;
			path = Karaktero.xcdatamodeld;
			sourceTree = "<group>";
			versionGroupType = wrapper.xcdatamodel;
		};
/* End XCVersionGroup section */
	};
	rootObject = A1D8F04A245DC58C0046F1DB /* Project object */;
}
